
Microsoft Visual Studio Solution File, Format Version 12.00
# Visual Studio Version 17
VisualStudioVersion = 17.3.32929.385
MinimumVisualStudioVersion = 10.0.40219.1
Project("{FAE04EC0-301F-11D3-BF4B-00C04F79EFBC}") = "dpbc.app", "dpbc.app\dpbc.app.csproj", "{730E387A-3315-4CF7-953A-9B39CD6863C2}"
EndProject
Project("{FAE04EC0-301F-11D3-BF4B-00C04F79EFBC}") = "dpbc.infrastructure", "dpbc.infrastructure\dpbc.infrastructure.csproj", "{BCCD8E42-21F3-426F-9111-65EE0A896915}"
EndProject
Project("{FAE04EC0-301F-11D3-BF4B-00C04F79EFBC}") = "dpbc.entity", "dpbc.entity\dpbc.entity.csproj", "{00D9C6F2-D5B3-4340-9096-9F27149C0905}"
EndProject
Project("{FAE04EC0-301F-11D3-BF4B-00C04F79EFBC}") = "dpbc.repository", "dpbc.repository\dpbc.repository.csproj", "{4951F4BD-D940-4752-8BCB-EF758420983E}"
EndProject
Project("{FAE04EC0-301F-11D3-BF4B-00C04F79EFBC}") = "dpbc.service", "dpbc.service\dpbc.service.csproj", "{AFB6628C-8FFB-47C8-B0EC-5961F1FA4F79}"
EndProject
Global
	GlobalSection(SolutionConfigurationPlatforms) = preSolution
		Debug|Any CPU = Debug|Any CPU
		Release|Any CPU = Release|Any CPU
	EndGlobalSection
	GlobalSection(ProjectConfigurationPlatforms) = postSolution
		{730E387A-3315-4CF7-953A-9B39CD6863C2}.Debug|Any CPU.ActiveCfg = Debug|Any CPU
		{730E387A-3315-4CF7-953A-9B39CD6863C2}.Debug|Any CPU.Build.0 = Debug|Any CPU
		{730E387A-3315-4CF7-953A-9B39CD6863C2}.Release|Any CPU.ActiveCfg = Release|Any CPU
		{730E387A-3315-4CF7-953A-9B39CD6863C2}.Release|Any CPU.Build.0 = Release|Any CPU
		{BCCD8E42-21F3-426F-9111-65EE0A896915}.Debug|Any CPU.ActiveCfg = Debug|Any CPU
		{BCCD8E42-21F3-426F-9111-65EE0A896915}.Debug|Any CPU.Build.0 = Debug|Any CPU
		{BCCD8E42-21F3-426F-9111-65EE0A896915}.Release|Any CPU.ActiveCfg = Release|Any CPU
		{BCCD8E42-21F3-426F-9111-65EE0A896915}.Release|Any CPU.Build.0 = Release|Any CPU
		{00D9C6F2-D5B3-4340-9096-9F27149C0905}.Debug|Any CPU.ActiveCfg = Debug|Any CPU
		{00D9C6F2-D5B3-4340-9096-9F27149C0905}.Debug|Any CPU.Build.0 = Debug|Any CPU
		{00D9C6F2-D5B3-4340-9096-9F27149C0905}.Release|Any CPU.ActiveCfg = Release|Any CPU
		{00D9C6F2-D5B3-4340-9096-9F27149C0905}.Release|Any CPU.Build.0 = Release|Any CPU
		{4951F4BD-D940-4752-8BCB-EF758420983E}.Debug|Any CPU.ActiveCfg = Debug|Any CPU
		{4951F4BD-D940-4752-8BCB-EF758420983E}.Debug|Any CPU.Build.0 = Debug|Any CPU
		{4951F4BD-D940-4752-8BCB-EF758420983E}.Release|Any CPU.ActiveCfg = Release|Any CPU
		{4951F4BD-D940-4752-8BCB-EF758420983E}.Release|Any CPU.Build.0 = Release|Any CPU
		{AFB6628C-8FFB-47C8-B0EC-5961F1FA4F79}.Debug|Any CPU.ActiveCfg = Debug|Any CPU
		{AFB6628C-8FFB-47C8-B0EC-5961F1FA4F79}.Debug|Any CPU.Build.0 = Debug|Any CPU
		{AFB6628C-8FFB-47C8-B0EC-5961F1FA4F79}.Release|Any CPU.ActiveCfg = Release|Any CPU
		{AFB6628C-8FFB-47C8-B0EC-5961F1FA4F79}.Release|Any CPU.Build.0 = Release|Any CPU
	EndGlobalSection
	GlobalSection(SolutionProperties) = preSolution
		HideSolutionNode = FALSE
	EndGlobalSection
	GlobalSection(ExtensibilityGlobals) = postSolution
		SolutionGuid = {090DC3B7-133C-458B-B666-3C466A687754}
	EndGlobalSection
EndGlobal
